<?xml version="1.0" encoding="utf-8"?>
<Project ToolsVersion="4.0" xmlns="http://schemas.microsoft.com/developer/msbuild/2003">
  <ItemGroup>
    <Filter Include="Source Files">
      <UniqueIdentifier>{4FC737F1-C7A5-4376-A066-2A32D752A2FF}</UniqueIdentifier>
      <Extensions>cpp;c;cc;cxx;def;odl;idl;hpj;bat;asm;asmx</Extensions>
    </Filter>
    <Filter Include="Header Files">
      <UniqueIdentifier>{93995380-89BD-4b04-88EB-625FBE52EBFB}</UniqueIdentifier>
      <Extensions>h;hh;hpp;hxx;hm;inl;inc;xsd</Extensions>
    </Filter>
    <Filter Include="Resource Files">
      <UniqueIdentifier>{67DA6AB6-F800-4c08-8B7A-83BB121AAD01}</UniqueIdentifier>
      <Extensions>rc;ico;cur;bmp;dlg;rc2;rct;bin;rgs;gif;jpg;jpeg;jpe;resx;tiff;tif;png;wav;mfcribbon-ms</Extensions>
    </Filter>
  </ItemGroup>
  <ItemGroup>
    <Text Include="ReadMe.txt" />
  </ItemGroup>
  <ItemGroup>
    <ClCompile Include="cal3d\animation.cpp">
      <Filter>Header Files</Filter>
    </ClCompile>
    <ClCompile Include="cal3d\animation_action.cpp">
      <Filter>Header Files</Filter>
    </ClCompile>
    <ClCompile Include="cal3d\animation_cycle.cpp">
      <Filter>Header Files</Filter>
    </ClCompile>
    <ClCompile Include="cal3d\bone.cpp">
      <Filter>Header Files</Filter>
    </ClCompile>
    <ClCompile Include="cal3d\buffersource.cpp">
      <Filter>Header Files</Filter>
    </ClCompile>
    <ClCompile Include="cal3d\cal3d_wrapper.cpp">
      <Filter>Header Files</Filter>
    </ClCompile>
    <ClCompile Include="cal3d\coreanimation.cpp">
      <Filter>Header Files</Filter>
    </ClCompile>
    <ClCompile Include="cal3d\corebone.cpp">
      <Filter>Header Files</Filter>
    </ClCompile>
    <ClCompile Include="cal3d\corekeyframe.cpp">
      <Filter>Header Files</Filter>
    </ClCompile>
    <ClCompile Include="cal3d\corematerial.cpp">
      <Filter>Header Files</Filter>
    </ClCompile>
    <ClCompile Include="cal3d\coremesh.cpp">
      <Filter>Header Files</Filter>
    </ClCompile>
    <ClCompile Include="cal3d\coremodel.cpp">
      <Filter>Header Files</Filter>
    </ClCompile>
    <ClCompile Include="cal3d\coremorphanimation.cpp">
      <Filter>Header Files</Filter>
    </ClCompile>
    <ClCompile Include="cal3d\coreskeleton.cpp">
      <Filter>Header Files</Filter>
    </ClCompile>
    <ClCompile Include="cal3d\coresubmesh.cpp">
      <Filter>Header Files</Filter>
    </ClCompile>
    <ClCompile Include="cal3d\coresubmorphtarget.cpp">
      <Filter>Header Files</Filter>
    </ClCompile>
    <ClCompile Include="cal3d\coretrack.cpp">
      <Filter>Header Files</Filter>
    </ClCompile>
    <ClCompile Include="cal3d\error.cpp">
      <Filter>Header Files</Filter>
    </ClCompile>
    <ClCompile Include="cal3d\global.cpp">
      <Filter>Header Files</Filter>
    </ClCompile>
    <ClCompile Include="cal3d\hardwaremodel.cpp">
      <Filter>Header Files</Filter>
    </ClCompile>
    <ClCompile Include="cal3d\loader.cpp">
      <Filter>Header Files</Filter>
    </ClCompile>
    <ClCompile Include="cal3d\matrix.cpp">
      <Filter>Header Files</Filter>
    </ClCompile>
    <ClCompile Include="cal3d\mesh.cpp">
      <Filter>Header Files</Filter>
    </ClCompile>
    <ClCompile Include="cal3d\mixer.cpp">
      <Filter>Header Files</Filter>
    </ClCompile>
    <ClCompile Include="cal3d\model.cpp">
      <Filter>Header Files</Filter>
    </ClCompile>
    <ClCompile Include="cal3d\morphtargetmixer.cpp">
      <Filter>Header Files</Filter>
    </ClCompile>
    <ClCompile Include="cal3d\physique.cpp">
      <Filter>Header Files</Filter>
    </ClCompile>
    <ClCompile Include="cal3d\platform.cpp">
      <Filter>Header Files</Filter>
    </ClCompile>
    <ClCompile Include="cal3d\quaternion.cpp">
      <Filter>Header Files</Filter>
    </ClCompile>
    <ClCompile Include="cal3d\renderer.cpp">
      <Filter>Header Files</Filter>
    </ClCompile>
    <ClCompile Include="cal3d\saver.cpp">
      <Filter>Header Files</Filter>
    </ClCompile>
    <ClCompile Include="cal3d\skeleton.cpp">
      <Filter>Header Files</Filter>
    </ClCompile>
    <ClCompile Include="cal3d\springsystem.cpp">
      <Filter>Header Files</Filter>
    </ClCompile>
    <ClCompile Include="cal3d\streamsource.cpp">
      <Filter>Header Files</Filter>
    </ClCompile>
    <ClCompile Include="cal3d\submesh.cpp">
      <Filter>Header Files</Filter>
    </ClCompile>
    <ClCompile Include="cal3d\tinyxml.cpp">
      <Filter>Header Files</Filter>
    </ClCompile>
    <ClCompile Include="cal3d\tinyxmlerror.cpp">
      <Filter>Header Files</Filter>
    </ClCompile>
    <ClCompile Include="cal3d\tinyxmlparser.cpp">
      <Filter>Header Files</Filter>
    </ClCompile>
    <ClCompile Include="cal3d\vector.cpp">
      <Filter>Header Files</Filter>
    </ClCompile>
  </ItemGroup>
  <ItemGroup>
    <ClInclude Include="cal3d\animation_action.h">
      <Filter>Header Files</Filter>
    </ClInclude>
    <ClInclude Include="cal3d\animation_cycle.h">
      <Filter>Header Files</Filter>
    </ClInclude>
    <ClInclude Include="cal3d\animcallback.h">
      <Filter>Header Files</Filter>
    </ClInclude>
    <ClInclude Include="cal3d\bone.h">
      <Filter>Header Files</Filter>
    </ClInclude>
    <ClInclude Include="cal3d\buffersource.h">
      <Filter>Header Files</Filter>
    </ClInclude>
    <ClInclude Include="cal3d\cal3d_wrapper.h">
      <Filter>Header Files</Filter>
    </ClInclude>
    <ClInclude Include="cal3d\coreanimation.h">
      <Filter>Header Files</Filter>
    </ClInclude>
    <ClInclude Include="cal3d\corebone.h">
      <Filter>Header Files</Filter>
    </ClInclude>
    <ClInclude Include="cal3d\corekeyframe.h">
      <Filter>Header Files</Filter>
    </ClInclude>
    <ClInclude Include="cal3d\corematerial.h">
      <Filter>Header Files</Filter>
    </ClInclude>
    <ClInclude Include="cal3d\coremesh.h">
      <Filter>Header Files</Filter>
    </ClInclude>
    <ClInclude Include="cal3d\coremodel.h">
      <Filter>Header Files</Filter>
    </ClInclude>
    <ClInclude Include="cal3d\coremorphanimation.h">
      <Filter>Header Files</Filter>
    </ClInclude>
    <ClInclude Include="cal3d\coreskeleton.h">
      <Filter>Header Files</Filter>
    </ClInclude>
    <ClInclude Include="cal3d\coresubmesh.h">
      <Filter>Header Files</Filter>
    </ClInclude>
    <ClInclude Include="cal3d\coresubmorphtarget.h">
      <Filter>Header Files</Filter>
    </ClInclude>
    <ClInclude Include="cal3d\coretrack.h">
      <Filter>Header Files</Filter>
    </ClInclude>
    <ClInclude Include="cal3d\datasource.h">
      <Filter>Header Files</Filter>
    </ClInclude>
    <ClInclude Include="cal3d\error.h">
      <Filter>Header Files</Filter>
    </ClInclude>
    <ClInclude Include="cal3d\global.h">
      <Filter>Header Files</Filter>
    </ClInclude>
    <ClInclude Include="cal3d\hardwaremodel.h">
      <Filter>Header Files</Filter>
    </ClInclude>
    <ClInclude Include="cal3d\loader.h">
      <Filter>Header Files</Filter>
    </ClInclude>
    <ClInclude Include="cal3d\matrix.h">
      <Filter>Header Files</Filter>
    </ClInclude>
    <ClInclude Include="cal3d\mesh.h">
      <Filter>Header Files</Filter>
    </ClInclude>
    <ClInclude Include="cal3d\mixer.h">
      <Filter>Header Files</Filter>
    </ClInclude>
    <ClInclude Include="cal3d\model.h">
      <Filter>Header Files</Filter>
    </ClInclude>
    <ClInclude Include="cal3d\morphtargetmixer.h">
      <Filter>Header Files</Filter>
    </ClInclude>
    <ClInclude Include="cal3d\physique.h">
      <Filter>Header Files</Filter>
    </ClInclude>
    <ClInclude Include="cal3d\platform.h">
      <Filter>Header Files</Filter>
    </ClInclude>
    <ClInclude Include="cal3d\quaternion.h">
      <Filter>Header Files</Filter>
    </ClInclude>
    <ClInclude Include="cal3d\refcounted.h">
      <Filter>Header Files</Filter>
    </ClInclude>
    <ClInclude Include="cal3d\refptr.h">
      <Filter>Header Files</Filter>
    </ClInclude>
    <ClInclude Include="cal3d\renderer.h">
      <Filter>Header Files</Filter>
    </ClInclude>
    <ClInclude Include="cal3d\resource.h">
      <Filter>Header Files</Filter>
    </ClInclude>
    <ClInclude Include="cal3d\saver.h">
      <Filter>Header Files</Filter>
    </ClInclude>
    <ClInclude Include="cal3d\skeleton.h">
      <Filter>Header Files</Filter>
    </ClInclude>
    <ClInclude Include="cal3d\springsystem.h">
      <Filter>Header Files</Filter>
    </ClInclude>
    <ClInclude Include="cal3d\streamsource.h">
      <Filter>Header Files</Filter>
    </ClInclude>
    <ClInclude Include="cal3d\submesh.h">
      <Filter>Header Files</Filter>
    </ClInclude>
    <ClInclude Include="cal3d\tinyxml.h">
      <Filter>Header Files</Filter>
    </ClInclude>
    <ClInclude Include="cal3d\transform.h">
      <Filter>Header Files</Filter>
    </ClInclude>
    <ClInclude Include="cal3d\vector.h">
      <Filter>Header Files</Filter>
    </ClInclude>
    <ClInclude Include="cal3d\animation.h">
      <Filter>Header Files</Filter>
    </ClInclude>
  </ItemGroup>
</Project>